// !$*UTF8*$!
{
	archiveVersion = 1;
	classes = {
	};
	objectVersion = 56;
	objects = {

/* Begin PBXBuildFile section */
		F95E8D4F2937F88F000DDBC8 /* Set+insertOrRemoveIfExist.swift in Sources */ = {isa = PBXBuildFile; fileRef = F95E8D4E2937F88F000DDBC8 /* Set+insertOrRemoveIfExist.swift */; };
		F95E8D5229392AED000DDBC8 /* FoodsRowsView.swift in Sources */ = {isa = PBXBuildFile; fileRef = F95E8D5129392AED000DDBC8 /* FoodsRowsView.swift */; };
		F95E8D5929393536000DDBC8 /* TagBackground.swift in Sources */ = {isa = PBXBuildFile; fileRef = F95E8D5829393536000DDBC8 /* TagBackground.swift */; };
		F95E8D5B29394A44000DDBC8 /* View+onFirstAppear.swift in Sources */ = {isa = PBXBuildFile; fileRef = F95E8D5A29394A44000DDBC8 /* View+onFirstAppear.swift */; };
		F97A914A29336B730095F585 /* TasteAssistantApp.swift in Sources */ = {isa = PBXBuildFile; fileRef = F97A914929336B730095F585 /* TasteAssistantApp.swift */; };
		F97A914C29336B730095F585 /* HomeView.swift in Sources */ = {isa = PBXBuildFile; fileRef = F97A914B29336B730095F585 /* HomeView.swift */; };
		F97A914E29336B740095F585 /* Assets.xcassets in Resources */ = {isa = PBXBuildFile; fileRef = F97A914D29336B740095F585 /* Assets.xcassets */; };
		F97A915129336B740095F585 /* Preview Assets.xcassets in Resources */ = {isa = PBXBuildFile; fileRef = F97A915029336B740095F585 /* Preview Assets.xcassets */; };
		F97A915C29339D920095F585 /* Food.swift in Sources */ = {isa = PBXBuildFile; fileRef = F97A915B29339D920095F585 /* Food.swift */; };
		F97A915E29339DA10095F585 /* FoodRowView.swift in Sources */ = {isa = PBXBuildFile; fileRef = F97A915D29339DA10095F585 /* FoodRowView.swift */; };
		F97A916029339DAE0095F585 /* FoodTagView.swift in Sources */ = {isa = PBXBuildFile; fileRef = F97A915F29339DAE0095F585 /* FoodTagView.swift */; };
		F97A916229339DBE0095F585 /* FoodCreatorView.swift in Sources */ = {isa = PBXBuildFile; fileRef = F97A916129339DBE0095F585 /* FoodCreatorView.swift */; };
		F97A916629339DD60095F585 /* FoodTagsEditorView.swift in Sources */ = {isa = PBXBuildFile; fileRef = F97A916529339DD60095F585 /* FoodTagsEditorView.swift */; };
		F97A916829339DE60095F585 /* AddFoodButton.swift in Sources */ = {isa = PBXBuildFile; fileRef = F97A916729339DE60095F585 /* AddFoodButton.swift */; };
		F97A916D2933A9E40095F585 /* FlowLayout.swift in Sources */ = {isa = PBXBuildFile; fileRef = F97A916C2933A9E40095F585 /* FlowLayout.swift */; };
		F97A9171293538850095F585 /* FoodTagCreatorView.swift in Sources */ = {isa = PBXBuildFile; fileRef = F97A9170293538850095F585 /* FoodTagCreatorView.swift */; };
		F97A9173293538960095F585 /* FoodTagEditorView.swift in Sources */ = {isa = PBXBuildFile; fileRef = F97A9172293538960095F585 /* FoodTagEditorView.swift */; };
		F97A9175293539650095F585 /* RemoveTagButton.swift in Sources */ = {isa = PBXBuildFile; fileRef = F97A9174293539650095F585 /* RemoveTagButton.swift */; };
		F97A9177293539710095F585 /* AddTagButton.swift in Sources */ = {isa = PBXBuildFile; fileRef = F97A9176293539710095F585 /* AddTagButton.swift */; };
		F97A9179293539B30095F585 /* EditableTagView.swift in Sources */ = {isa = PBXBuildFile; fileRef = F97A9178293539B30095F585 /* EditableTagView.swift */; };
		F97A917B293542740095F585 /* FoodEditorView.swift in Sources */ = {isa = PBXBuildFile; fileRef = F97A917A293542740095F585 /* FoodEditorView.swift */; };
		F97A917E293546200095F585 /* Array+Identifiable.swift in Sources */ = {isa = PBXBuildFile; fileRef = F97A917D293546200095F585 /* Array+Identifiable.swift */; };
		F97A918029354DB60095F585 /* Binding+get+set.swift in Sources */ = {isa = PBXBuildFile; fileRef = F97A917F29354DB60095F585 /* Binding+get+set.swift */; };
		F9E0EB51293554930070DBA3 /* DeleteFoodButton.swift in Sources */ = {isa = PBXBuildFile; fileRef = F9E0EB50293554930070DBA3 /* DeleteFoodButton.swift */; };
/* End PBXBuildFile section */

/* Begin PBXFileReference section */
		F95E8D4E2937F88F000DDBC8 /* Set+insertOrRemoveIfExist.swift */ = {isa = PBXFileReference; lastKnownFileType = sourcecode.swift; path = "Set+insertOrRemoveIfExist.swift"; sourceTree = "<group>"; };
		F95E8D5129392AED000DDBC8 /* FoodsRowsView.swift */ = {isa = PBXFileReference; lastKnownFileType = sourcecode.swift; path = FoodsRowsView.swift; sourceTree = "<group>"; };
		F95E8D5829393536000DDBC8 /* TagBackground.swift */ = {isa = PBXFileReference; lastKnownFileType = sourcecode.swift; path = TagBackground.swift; sourceTree = "<group>"; };
		F95E8D5A29394A44000DDBC8 /* View+onFirstAppear.swift */ = {isa = PBXFileReference; lastKnownFileType = sourcecode.swift; path = "View+onFirstAppear.swift"; sourceTree = "<group>"; };
		F97A914629336B730095F585 /* TasteAssistant.app */ = {isa = PBXFileReference; explicitFileType = wrapper.application; includeInIndex = 0; path = TasteAssistant.app; sourceTree = BUILT_PRODUCTS_DIR; };
		F97A914929336B730095F585 /* TasteAssistantApp.swift */ = {isa = PBXFileReference; lastKnownFileType = sourcecode.swift; path = TasteAssistantApp.swift; sourceTree = "<group>"; };
		F97A914B29336B730095F585 /* HomeView.swift */ = {isa = PBXFileReference; lastKnownFileType = sourcecode.swift; path = HomeView.swift; sourceTree = "<group>"; };
		F97A914D29336B740095F585 /* Assets.xcassets */ = {isa = PBXFileReference; lastKnownFileType = folder.assetcatalog; path = Assets.xcassets; sourceTree = "<group>"; };
		F97A915029336B740095F585 /* Preview Assets.xcassets */ = {isa = PBXFileReference; lastKnownFileType = folder.assetcatalog; path = "Preview Assets.xcassets"; sourceTree = "<group>"; };
		F97A915B29339D920095F585 /* Food.swift */ = {isa = PBXFileReference; lastKnownFileType = sourcecode.swift; path = Food.swift; sourceTree = "<group>"; };
		F97A915D29339DA10095F585 /* FoodRowView.swift */ = {isa = PBXFileReference; lastKnownFileType = sourcecode.swift; path = FoodRowView.swift; sourceTree = "<group>"; };
		F97A915F29339DAE0095F585 /* FoodTagView.swift */ = {isa = PBXFileReference; lastKnownFileType = sourcecode.swift; path = FoodTagView.swift; sourceTree = "<group>"; };
		F97A916129339DBE0095F585 /* FoodCreatorView.swift */ = {isa = PBXFileReference; lastKnownFileType = sourcecode.swift; path = FoodCreatorView.swift; sourceTree = "<group>"; };
		F97A916529339DD60095F585 /* FoodTagsEditorView.swift */ = {isa = PBXFileReference; lastKnownFileType = sourcecode.swift; path = FoodTagsEditorView.swift; sourceTree = "<group>"; };
		F97A916729339DE60095F585 /* AddFoodButton.swift */ = {isa = PBXFileReference; lastKnownFileType = sourcecode.swift; path = AddFoodButton.swift; sourceTree = "<group>"; };
		F97A916C2933A9E40095F585 /* FlowLayout.swift */ = {isa = PBXFileReference; lastKnownFileType = sourcecode.swift; path = FlowLayout.swift; sourceTree = "<group>"; };
		F97A9170293538850095F585 /* FoodTagCreatorView.swift */ = {isa = PBXFileReference; lastKnownFileType = sourcecode.swift; path = FoodTagCreatorView.swift; sourceTree = "<group>"; };
		F97A9172293538960095F585 /* FoodTagEditorView.swift */ = {isa = PBXFileReference; lastKnownFileType = sourcecode.swift; path = FoodTagEditorView.swift; sourceTree = "<group>"; };
		F97A9174293539650095F585 /* RemoveTagButton.swift */ = {isa = PBXFileReference; lastKnownFileType = sourcecode.swift; path = RemoveTagButton.swift; sourceTree = "<group>"; };
		F97A9176293539710095F585 /* AddTagButton.swift */ = {isa = PBXFileReference; lastKnownFileType = sourcecode.swift; path = AddTagButton.swift; sourceTree = "<group>"; };
		F97A9178293539B30095F585 /* EditableTagView.swift */ = {isa = PBXFileReference; lastKnownFileType = sourcecode.swift; path = EditableTagView.swift; sourceTree = "<group>"; };
		F97A917A293542740095F585 /* FoodEditorView.swift */ = {isa = PBXFileReference; lastKnownFileType = sourcecode.swift; path = FoodEditorView.swift; sourceTree = "<group>"; };
		F97A917D293546200095F585 /* Array+Identifiable.swift */ = {isa = PBXFileReference; lastKnownFileType = sourcecode.swift; path = "Array+Identifiable.swift"; sourceTree = "<group>"; };
		F97A917F29354DB60095F585 /* Binding+get+set.swift */ = {isa = PBXFileReference; lastKnownFileType = sourcecode.swift; path = "Binding+get+set.swift"; sourceTree = "<group>"; };
		F9E0EB50293554930070DBA3 /* DeleteFoodButton.swift */ = {isa = PBXFileReference; lastKnownFileType = sourcecode.swift; path = DeleteFoodButton.swift; sourceTree = "<group>"; };
/* End PBXFileReference section */

/* Begin PBXFrameworksBuildPhase section */
		F97A914329336B730095F585 /* Frameworks */ = {
			isa = PBXFrameworksBuildPhase;
			buildActionMask = 2147483647;
			files = (
			);
			runOnlyForDeploymentPostprocessing = 0;
		};
/* End PBXFrameworksBuildPhase section */

/* Begin PBXGroup section */
		F95E8D5029392ADC000DDBC8 /* Home */ = {
			isa = PBXGroup;
			children = (
				F97A914B29336B730095F585 /* HomeView.swift */,
				F97A915D29339DA10095F585 /* FoodRowView.swift */,
				F95E8D5129392AED000DDBC8 /* FoodsRowsView.swift */,
				F97A915F29339DAE0095F585 /* FoodTagView.swift */,
				F97A916729339DE60095F585 /* AddFoodButton.swift */,
			);
			path = Home;
			sourceTree = "<group>";
		};
		F95E8D5329392B23000DDBC8 /* FoodCreator */ = {
			isa = PBXGroup;
			children = (
				F97A916129339DBE0095F585 /* FoodCreatorView.swift */,
			);
			path = FoodCreator;
			sourceTree = "<group>";
		};
		F95E8D5429392BB4000DDBC8 /* FoodEditor */ = {
			isa = PBXGroup;
			children = (
				F97A917A293542740095F585 /* FoodEditorView.swift */,
				F9E0EB50293554930070DBA3 /* DeleteFoodButton.swift */,
			);
			path = FoodEditor;
			sourceTree = "<group>";
		};
		F95E8D5529392C00000DDBC8 /* FoodTagsEditor */ = {
			isa = PBXGroup;
			children = (
				F97A916529339DD60095F585 /* FoodTagsEditorView.swift */,
				F97A9178293539B30095F585 /* EditableTagView.swift */,
				F97A9176293539710095F585 /* AddTagButton.swift */,
				F97A9170293538850095F585 /* FoodTagCreatorView.swift */,
				F97A9172293538960095F585 /* FoodTagEditorView.swift */,
				F97A9174293539650095F585 /* RemoveTagButton.swift */,
			);
			path = FoodTagsEditor;
			sourceTree = "<group>";
		};
		F97A913D29336B730095F585 = {
			isa = PBXGroup;
			children = (
				F97A914829336B730095F585 /* TasteAssistant */,
				F97A914729336B730095F585 /* Products */,
			);
			sourceTree = "<group>";
		};
		F97A914729336B730095F585 /* Products */ = {
			isa = PBXGroup;
			children = (
				F97A914629336B730095F585 /* TasteAssistant.app */,
			);
			name = Products;
			sourceTree = "<group>";
		};
		F97A914829336B730095F585 /* TasteAssistant */ = {
			isa = PBXGroup;
			children = (
				F97A915A29339D850095F585 /* Views */,
				F97A915929339D810095F585 /* Models */,
				F97A914929336B730095F585 /* TasteAssistantApp.swift */,
				F97A914D29336B740095F585 /* Assets.xcassets */,
				F97A914F29336B740095F585 /* Preview Content */,
			);
			path = TasteAssistant;
			sourceTree = "<group>";
		};
		F97A914F29336B740095F585 /* Preview Content */ = {
			isa = PBXGroup;
			children = (
				F97A915029336B740095F585 /* Preview Assets.xcassets */,
			);
			path = "Preview Content";
			sourceTree = "<group>";
		};
		F97A915929339D810095F585 /* Models */ = {
			isa = PBXGroup;
			children = (
				F97A915B29339D920095F585 /* Food.swift */,
			);
			path = Models;
			sourceTree = "<group>";
		};
		F97A915A29339D850095F585 /* Views */ = {
			isa = PBXGroup;
			children = (
				F95E8D5529392C00000DDBC8 /* FoodTagsEditor */,
				F95E8D5429392BB4000DDBC8 /* FoodEditor */,
				F95E8D5329392B23000DDBC8 /* FoodCreator */,
				F95E8D5029392ADC000DDBC8 /* Home */,
				F97A917C293546190095F585 /* Helpers */,
				F97A916B2933A9DD0095F585 /* Layouts */,
				F95E8D5829393536000DDBC8 /* TagBackground.swift */,
			);
			path = Views;
			sourceTree = "<group>";
		};
		F97A916B2933A9DD0095F585 /* Layouts */ = {
			isa = PBXGroup;
			children = (
				F97A916C2933A9E40095F585 /* FlowLayout.swift */,
			);
			path = Layouts;
			sourceTree = "<group>";
		};
		F97A917C293546190095F585 /* Helpers */ = {
			isa = PBXGroup;
			children = (
				F97A917D293546200095F585 /* Array+Identifiable.swift */,
				F97A917F29354DB60095F585 /* Binding+get+set.swift */,
				F95E8D4E2937F88F000DDBC8 /* Set+insertOrRemoveIfExist.swift */,
				F95E8D5A29394A44000DDBC8 /* View+onFirstAppear.swift */,
			);
			path = Helpers;
			sourceTree = "<group>";
		};
/* End PBXGroup section */

/* Begin PBXNativeTarget section */
		F97A914529336B730095F585 /* TasteAssistant */ = {
			isa = PBXNativeTarget;
			buildConfigurationList = F97A915429336B740095F585 /* Build configuration list for PBXNativeTarget "TasteAssistant" */;
			buildPhases = (
				F97A914229336B730095F585 /* Sources */,
				F97A914329336B730095F585 /* Frameworks */,
				F97A914429336B730095F585 /* Resources */,
			);
			buildRules = (
			);
			dependencies = (
			);
			name = TasteAssistant;
			productName = TasteAssistant;
			productReference = F97A914629336B730095F585 /* TasteAssistant.app */;
			productType = "com.apple.product-type.application";
		};
/* End PBXNativeTarget section */

/* Begin PBXProject section */
		F97A913E29336B730095F585 /* Project object */ = {
			isa = PBXProject;
			attributes = {
				BuildIndependentTargetsInParallel = 1;
				LastSwiftUpdateCheck = 1410;
				LastUpgradeCheck = 1410;
				TargetAttributes = {
					F97A914529336B730095F585 = {
						CreatedOnToolsVersion = 14.1;
					};
				};
			};
			buildConfigurationList = F97A914129336B730095F585 /* Build configuration list for PBXProject "TasteAssistant" */;
			compatibilityVersion = "Xcode 14.0";
			developmentRegion = en;
			hasScannedForEncodings = 0;
			knownRegions = (
				en,
				Base,
			);
			mainGroup = F97A913D29336B730095F585;
			productRefGroup = F97A914729336B730095F585 /* Products */;
			projectDirPath = "";
			projectRoot = "";
			targets = (
				F97A914529336B730095F585 /* TasteAssistant */,
			);
		};
/* End PBXProject section */

/* Begin PBXResourcesBuildPhase section */
		F97A914429336B730095F585 /* Resources */ = {
			isa = PBXResourcesBuildPhase;
			buildActionMask = 2147483647;
			files = (
				F97A915129336B740095F585 /* Preview Assets.xcassets in Resources */,
				F97A914E29336B740095F585 /* Assets.xcassets in Resources */,
			);
			runOnlyForDeploymentPostprocessing = 0;
		};
/* End PBXResourcesBuildPhase section */

/* Begin PBXSourcesBuildPhase section */
		F97A914229336B730095F585 /* Sources */ = {
			isa = PBXSourcesBuildPhase;
			buildActionMask = 2147483647;
			files = (
				F97A916D2933A9E40095F585 /* FlowLayout.swift in Sources */,
				F97A914C29336B730095F585 /* HomeView.swift in Sources */,
				F97A9171293538850095F585 /* FoodTagCreatorView.swift in Sources */,
				F97A916029339DAE0095F585 /* FoodTagView.swift in Sources */,
				F97A916629339DD60095F585 /* FoodTagsEditorView.swift in Sources */,
				F95E8D4F2937F88F000DDBC8 /* Set+insertOrRemoveIfExist.swift in Sources */,
				F97A918029354DB60095F585 /* Binding+get+set.swift in Sources */,
				F95E8D5B29394A44000DDBC8 /* View+onFirstAppear.swift in Sources */,
				F95E8D5929393536000DDBC8 /* TagBackground.swift in Sources */,
				F97A915C29339D920095F585 /* Food.swift in Sources */,
				F97A9173293538960095F585 /* FoodTagEditorView.swift in Sources */,
				F97A917E293546200095F585 /* Array+Identifiable.swift in Sources */,
				F97A9179293539B30095F585 /* EditableTagView.swift in Sources */,
				F97A9175293539650095F585 /* RemoveTagButton.swift in Sources */,
				F97A916829339DE60095F585 /* AddFoodButton.swift in Sources */,
				F9E0EB51293554930070DBA3 /* DeleteFoodButton.swift in Sources */,
				F95E8D5229392AED000DDBC8 /* FoodsRowsView.swift in Sources */,
				F97A915E29339DA10095F585 /* FoodRowView.swift in Sources */,
				F97A917B293542740095F585 /* FoodEditorView.swift in Sources */,
				F97A914A29336B730095F585 /* TasteAssistantApp.swift in Sources */,
				F97A9177293539710095F585 /* AddTagButton.swift in Sources */,
				F97A916229339DBE0095F585 /* FoodCreatorView.swift in Sources */,
			);
			runOnlyForDeploymentPostprocessing = 0;
		};
/* End PBXSourcesBuildPhase section */

/* Begin XCBuildConfiguration section */
		F97A915229336B740095F585 /* Debug */ = {
			isa = XCBuildConfiguration;
			buildSettings = {
				ALWAYS_SEARCH_USER_PATHS = NO;
				CLANG_ANALYZER_NONNULL = YES;
				CLANG_ANALYZER_NUMBER_OBJECT_CONVERSION = YES_AGGRESSIVE;
				CLANG_CXX_LANGUAGE_STANDARD = "gnu++20";
				CLANG_ENABLE_MODULES = YES;
				CLANG_ENABLE_OBJC_ARC = YES;
				CLANG_ENABLE_OBJC_WEAK = YES;
				CLANG_WARN_BLOCK_CAPTURE_AUTORELEASING = YES;
				CLANG_WARN_BOOL_CONVERSION = YES;
				CLANG_WARN_COMMA = YES;
				CLANG_WARN_CONSTANT_CONVERSION = YES;
				CLANG_WARN_DEPRECATED_OBJC_IMPLEMENTATIONS = YES;
				CLANG_WARN_DIRECT_OBJC_ISA_USAGE = YES_ERROR;
				CLANG_WARN_DOCUMENTATION_COMMENTS = YES;
				CLANG_WARN_EMPTY_BODY = YES;
				CLANG_WARN_ENUM_CONVERSION = YES;
				CLANG_WARN_INFINITE_RECURSION = YES;
				CLANG_WARN_INT_CONVERSION = YES;
				CLANG_WARN_NON_LITERAL_NULL_CONVERSION = YES;
				CLANG_WARN_OBJC_IMPLICIT_RETAIN_SELF = YES;
				CLANG_WARN_OBJC_LITERAL_CONVERSION = YES;
				CLANG_WARN_OBJC_ROOT_CLASS = YES_ERROR;
				CLANG_WARN_QUOTED_INCLUDE_IN_FRAMEWORK_HEADER = YES;
				CLANG_WARN_RANGE_LOOP_ANALYSIS = YES;
				CLANG_WARN_STRICT_PROTOTYPES = YES;
				CLANG_WARN_SUSPICIOUS_MOVE = YES;
				CLANG_WARN_UNGUARDED_AVAILABILITY = YES_AGGRESSIVE;
				CLANG_WARN_UNREACHABLE_CODE = YES;
				CLANG_WARN__DUPLICATE_METHOD_MATCH = YES;
				COPY_PHASE_STRIP = NO;
				DEBUG_INFORMATION_FORMAT = dwarf;
				ENABLE_STRICT_OBJC_MSGSEND = YES;
				ENABLE_TESTABILITY = YES;
				GCC_C_LANGUAGE_STANDARD = gnu11;
				GCC_DYNAMIC_NO_PIC = NO;
				GCC_NO_COMMON_BLOCKS = YES;
				GCC_OPTIMIZATION_LEVEL = 0;
				GCC_PREPROCESSOR_DEFINITIONS = (
					"DEBUG=1",
					"$(inherited)",
				);
				GCC_WARN_64_TO_32_BIT_CONVERSION = YES;
				GCC_WARN_ABOUT_RETURN_TYPE = YES_ERROR;
				GCC_WARN_UNDECLARED_SELECTOR = YES;
				GCC_WARN_UNINITIALIZED_AUTOS = YES_AGGRESSIVE;
				GCC_WARN_UNUSED_FUNCTION = YES;
				GCC_WARN_UNUSED_VARIABLE = YES;
				IPHONEOS_DEPLOYMENT_TARGET = 16.1;
				MTL_ENABLE_DEBUG_INFO = INCLUDE_SOURCE;
				MTL_FAST_MATH = YES;
				ONLY_ACTIVE_ARCH = YES;
				SDKROOT = iphoneos;
				SWIFT_ACTIVE_COMPILATION_CONDITIONS = DEBUG;
				SWIFT_OPTIMIZATION_LEVEL = "-Onone";
			};
			name = Debug;
		};
		F97A915329336B740095F585 /* Release */ = {
			isa = XCBuildConfiguration;
			buildSettings = {
				ALWAYS_SEARCH_USER_PATHS = NO;
				CLANG_ANALYZER_NONNULL = YES;
				CLANG_ANALYZER_NUMBER_OBJECT_CONVERSION = YES_AGGRESSIVE;
				CLANG_CXX_LANGUAGE_STANDARD = "gnu++20";
				CLANG_ENABLE_MODULES = YES;
				CLANG_ENABLE_OBJC_ARC = YES;
				CLANG_ENABLE_OBJC_WEAK = YES;
				CLANG_WARN_BLOCK_CAPTURE_AUTORELEASING = YES;
				CLANG_WARN_BOOL_CONVERSION = YES;
				CLANG_WARN_COMMA = YES;
				CLANG_WARN_CONSTANT_CONVERSION = YES;
				CLANG_WARN_DEPRECATED_OBJC_IMPLEMENTATIONS = YES;
				CLANG_WARN_DIRECT_OBJC_ISA_USAGE = YES_ERROR;
				CLANG_WARN_DOCUMENTATION_COMMENTS = YES;
				CLANG_WARN_EMPTY_BODY = YES;
				CLANG_WARN_ENUM_CONVERSION = YES;
				CLANG_WARN_INFINITE_RECURSION = YES;
				CLANG_WARN_INT_CONVERSION = YES;
				CLANG_WARN_NON_LITERAL_NULL_CONVERSION = YES;
				CLANG_WARN_OBJC_IMPLICIT_RETAIN_SELF = YES;
				CLANG_WARN_OBJC_LITERAL_CONVERSION = YES;
				CLANG_WARN_OBJC_ROOT_CLASS = YES_ERROR;
				CLANG_WARN_QUOTED_INCLUDE_IN_FRAMEWORK_HEADER = YES;
				CLANG_WARN_RANGE_LOOP_ANALYSIS = YES;
				CLANG_WARN_STRICT_PROTOTYPES = YES;
				CLANG_WARN_SUSPICIOUS_MOVE = YES;
				CLANG_WARN_UNGUARDED_AVAILABILITY = YES_AGGRESSIVE;
				CLANG_WARN_UNREACHABLE_CODE = YES;
				CLANG_WARN__DUPLICATE_METHOD_MATCH = YES;
				COPY_PHASE_STRIP = NO;
				DEBUG_INFORMATION_FORMAT = "dwarf-with-dsym";
				ENABLE_NS_ASSERTIONS = NO;
				ENABLE_STRICT_OBJC_MSGSEND = YES;
				GCC_C_LANGUAGE_STANDARD = gnu11;
				GCC_NO_COMMON_BLOCKS = YES;
				GCC_WARN_64_TO_32_BIT_CONVERSION = YES;
				GCC_WARN_ABOUT_RETURN_TYPE = YES_ERROR;
				GCC_WARN_UNDECLARED_SELECTOR = YES;
				GCC_WARN_UNINITIALIZED_AUTOS = YES_AGGRESSIVE;
				GCC_WARN_UNUSED_FUNCTION = YES;
				GCC_WARN_UNUSED_VARIABLE = YES;
				IPHONEOS_DEPLOYMENT_TARGET = 16.1;
				MTL_ENABLE_DEBUG_INFO = NO;
				MTL_FAST_MATH = YES;
				SDKROOT = iphoneos;
				SWIFT_COMPILATION_MODE = wholemodule;
				SWIFT_OPTIMIZATION_LEVEL = "-O";
				VALIDATE_PRODUCT = YES;
			};
			name = Release;
		};
		F97A915529336B740095F585 /* Debug */ = {
			isa = XCBuildConfiguration;
			buildSettings = {
				ASSETCATALOG_COMPILER_APPICON_NAME = AppIcon;
				ASSETCATALOG_COMPILER_GLOBAL_ACCENT_COLOR_NAME = AccentColor;
				CODE_SIGN_STYLE = Automatic;
				CURRENT_PROJECT_VERSION = 1;
				DEVELOPMENT_ASSET_PATHS = "\"TasteAssistant/Preview Content\"";
				DEVELOPMENT_TEAM = 972QR8RYQ8;
				ENABLE_PREVIEWS = YES;
				GENERATE_INFOPLIST_FILE = YES;
				INFOPLIST_KEY_UIApplicationSceneManifest_Generation = YES;
				INFOPLIST_KEY_UIApplicationSupportsIndirectInputEvents = YES;
				INFOPLIST_KEY_UILaunchScreen_Generation = YES;
				INFOPLIST_KEY_UISupportedInterfaceOrientations_iPad = "UIInterfaceOrientationPortrait UIInterfaceOrientationPortraitUpsideDown UIInterfaceOrientationLandscapeLeft UIInterfaceOrientationLandscapeRight";
				INFOPLIST_KEY_UISupportedInterfaceOrientations_iPhone = "UIInterfaceOrientationPortrait UIInterfaceOrientationLandscapeLeft UIInterfaceOrientationLandscapeRight";
				LD_RUNPATH_SEARCH_PATHS = (
					"$(inherited)",
					"@executable_path/Frameworks",
				);
				MARKETING_VERSION = 1.0;
				PRODUCT_BUNDLE_IDENTIFIER = com.ernest0n.TasteAssistant;
				PRODUCT_NAME = "$(TARGET_NAME)";
				SWIFT_EMIT_LOC_STRINGS = YES;
				SWIFT_VERSION = 5.0;
				TARGETED_DEVICE_FAMILY = "1,2";
			};
			name = Debug;
		};
		F97A915629336B740095F585 /* Release */ = {
			isa = XCBuildConfiguration;
			buildSettings = {
				ASSETCATALOG_COMPILER_APPICON_NAME = AppIcon;
				ASSETCATALOG_COMPILER_GLOBAL_ACCENT_COLOR_NAME = AccentColor;
				CODE_SIGN_STYLE = Automatic;
				CURRENT_PROJECT_VERSION = 1;
				DEVELOPMENT_ASSET_PATHS = "\"TasteAssistant/Preview Content\"";
				DEVELOPMENT_TEAM = 972QR8RYQ8;
				ENABLE_PREVIEWS = YES;
				GENERATE_INFOPLIST_FILE = YES;
				INFOPLIST_KEY_UIApplicationSceneManifest_Generation = YES;
				INFOPLIST_KEY_UIApplicationSupportsIndirectInputEvents = YES;
				INFOPLIST_KEY_UILaunchScreen_Generation = YES;
				INFOPLIST_KEY_UISupportedInterfaceOrientations_iPad = "UIInterfaceOrientationPortrait UIInterfaceOrientationPortraitUpsideDown UIInterfaceOrientationLandscapeLeft UIInterfaceOrientationLandscapeRight";
				INFOPLIST_KEY_UISupportedInterfaceOrientations_iPhone = "UIInterfaceOrientationPortrait UIInterfaceOrientationLandscapeLeft UIInterfaceOrientationLandscapeRight";
				LD_RUNPATH_SEARCH_PATHS = (
					"$(inherited)",
					"@executable_path/Frameworks",
				);
				MARKETING_VERSION = 1.0;
				PRODUCT_BUNDLE_IDENTIFIER = com.ernest0n.TasteAssistant;
				PRODUCT_NAME = "$(TARGET_NAME)";
				SWIFT_EMIT_LOC_STRINGS = YES;
				SWIFT_VERSION = 5.0;
				TARGETED_DEVICE_FAMILY = "1,2";
			};
			name = Release;
		};
/* End XCBuildConfiguration section */

/* Begin XCConfigurationList section */
		F97A914129336B730095F585 /* Build configuration list for PBXProject "TasteAssistant" */ = {
			isa = XCConfigurationList;
			buildConfigurations = (
				F97A915229336B740095F585 /* Debug */,
				F97A915329336B740095F585 /* Release */,
			);
			defaultConfigurationIsVisible = 0;
			defaultConfigurationName = Release;
		};
		F97A915429336B740095F585 /* Build configuration list for PBXNativeTarget "TasteAssistant" */ = {
			isa = XCConfigurationList;
			buildConfigurations = (
				F97A915529336B740095F585 /* Debug */,
				F97A915629336B740095F585 /* Release */,
			);
			defaultConfigurationIsVisible = 0;
			defaultConfigurationName = Release;
		};
/* End XCConfigurationList section */
	};
	rootObject = F97A913E29336B730095F585 /* Project object */;
}
